
Microsoft Visual Studio Solution File, Format Version 12.00
# Visual Studio 15
VisualStudioVersion = 15.0.27130.2010
MinimumVisualStudioVersion = 10.0.40219.1
Project("{FAE04EC0-301F-11D3-BF4B-00C04F79EFBC}") = "Training1", "Training1\Training1.csproj", "{FA54C632-43BD-41DA-8134-AAFABB832CCF}"
EndProject
Global
	GlobalSection(SolutionConfigurationPlatforms) = preSolution
		Debug|Any CPU = Debug|Any CPU
		Release|Any CPU = Release|Any CPU
	EndGlobalSection
	GlobalSection(ProjectConfigurationPlatforms) = postSolution
		{FA54C632-43BD-41DA-8134-AAFABB832CCF}.Debug|Any CPU.ActiveCfg = Debug|Any CPU
		{FA54C632-43BD-41DA-8134-AAFABB832CCF}.Debug|Any CPU.Build.0 = Debug|Any CPU
		{FA54C632-43BD-41DA-8134-AAFABB832CCF}.Release|Any CPU.ActiveCfg = Release|Any CPU
		{FA54C632-43BD-41DA-8134-AAFABB832CCF}.Release|Any CPU.Build.0 = Release|Any CPU
	EndGlobalSection
	GlobalSection(SolutionProperties) = preSolution
		HideSolutionNode = FALSE
	EndGlobalSection
	GlobalSection(ExtensibilityGlobals) = postSolution
		SolutionGuid = {11455C3B-182B-4676-AEB7-CA5A17F5D0BB}
	EndGlobalSection
EndGlobal
